
Microsoft Visual Studio Solution File, Format Version 12.00
Project("{FAE04EC0-301F-11D3-BF4B-00C04F79EFBC}") = "lw2_part1_task2", "lw2_part1_task2\lw2_part1_task2.csproj", "{57F5D33F-A8F7-4AFD-92B3-C88293FAF923}"
EndProject
Global
	GlobalSection(SolutionConfigurationPlatforms) = preSolution
		Debug|Any CPU = Debug|Any CPU
		Release|Any CPU = Release|Any CPU
	EndGlobalSection
	GlobalSection(ProjectConfigurationPlatforms) = postSolution
		{57F5D33F-A8F7-4AFD-92B3-C88293FAF923}.Debug|Any CPU.ActiveCfg = Debug|Any CPU
		{57F5D33F-A8F7-4AFD-92B3-C88293FAF923}.Debug|Any CPU.Build.0 = Debug|Any CPU
		{57F5D33F-A8F7-4AFD-92B3-C88293FAF923}.Release|Any CPU.ActiveCfg = Release|Any CPU
		{57F5D33F-A8F7-4AFD-92B3-C88293FAF923}.Release|Any CPU.Build.0 = Release|Any CPU
	EndGlobalSection
EndGlobal
